// !$*UTF8*$!
{
	archiveVersion = 1;
	classes = {
	};
	objectVersion = 46;
	objects = {

/* Begin PBXBuildFile section */
		BEBA74971CF254F600206117 /* AppDelegate.swift in Sources */ = {isa = PBXBuildFile; fileRef = BEBA74961CF254F600206117 /* AppDelegate.swift */; };
		BEBA74991CF254F600206117 /* ViewController.swift in Sources */ = {isa = PBXBuildFile; fileRef = BEBA74981CF254F600206117 /* ViewController.swift */; };
		BEBA749C1CF254F600206117 /* Main.storyboard in Resources */ = {isa = PBXBuildFile; fileRef = BEBA749A1CF254F600206117 /* Main.storyboard */; };
		BEBA749E1CF254F600206117 /* Assets.xcassets in Resources */ = {isa = PBXBuildFile; fileRef = BEBA749D1CF254F600206117 /* Assets.xcassets */; };
		BEBA74A11CF254F600206117 /* LaunchScreen.storyboard in Resources */ = {isa = PBXBuildFile; fileRef = BEBA749F1CF254F600206117 /* LaunchScreen.storyboard */; };
/* End PBXBuildFile section */

/* Begin PBXFileReference section */
		BEBA74931CF254F600206117 /* GoldWeather.app */ = {isa = PBXFileReference; explicitFileType = wrapper.application; includeInIndex = 0; path = GoldWeather.app; sourceTree = BUILT_PRODUCTS_DIR; };
		BEBA74961CF254F600206117 /* AppDelegate.swift */ = {isa = PBXFileReference; lastKnownFileType = sourcecode.swift; path = AppDelegate.swift; sourceTree = "<group>"; };
		BEBA74981CF254F600206117 /* ViewController.swift */ = {isa = PBXFileReference; lastKnownFileType = sourcecode.swift; path = ViewController.swift; sourceTree = "<group>"; };
		BEBA749B1CF254F600206117 /* Base */ = {isa = PBXFileReference; lastKnownFileType = file.storyboard; name = Base; path = Base.lproj/Main.storyboard; sourceTree = "<group>"; };
		BEBA749D1CF254F600206117 /* Assets.xcassets */ = {isa = PBXFileReference; lastKnownFileType = folder.assetcatalog; path = Assets.xcassets; sourceTree = "<group>"; };
		BEBA74A01CF254F600206117 /* Base */ = {isa = PBXFileReference; lastKnownFileType = file.storyboard; name = Base; path = Base.lproj/LaunchScreen.storyboard; sourceTree = "<group>"; };
		BEBA74A21CF254F600206117 /* Info.plist */ = {isa = PBXFileReference; lastKnownFileType = text.plist.xml; path = Info.plist; sourceTree = "<group>"; };
/* End PBXFileReference section */

/* Begin PBXFrameworksBuildPhase section */
		BEBA74901CF254F600206117 /* Frameworks */ = {
			isa = PBXFrameworksBuildPhase;
			buildActionMask = 2147483647;
			files = (
			);
			runOnlyForDeploymentPostprocessing = 0;
		};
/* End PBXFrameworksBuildPhase section */

/* Begin PBXGroup section */
		BEBA748A1CF254F600206117 = {
			isa = PBXGroup;
			children = (
				BEBA74951CF254F600206117 /* GoldWeather */,
				BEBA74941CF254F600206117 /* Products */,
			);
			sourceTree = "<group>";
		};
		BEBA74941CF254F600206117 /* Products */ = {
			isa = PBXGroup;
			children = (
				BEBA74931CF254F600206117 /* GoldWeather.app */,
			);
			name = Products;
			sourceTree = "<group>";
		};
		BEBA74951CF254F600206117 /* GoldWeather */ = {
			isa = PBXGroup;
			children = (
				BEBA74961CF254F600206117 /* AppDelegate.swift */,
				BEBA74981CF254F600206117 /* ViewController.swift */,
				BEBA749A1CF254F600206117 /* Main.storyboard */,
				BEBA749D1CF254F600206117 /* Assets.xcassets */,
				BEBA749F1CF254F600206117 /* LaunchScreen.storyboard */,
				BEBA74A21CF254F600206117 /* Info.plist */,
			);
			path = GoldWeather;
			sourceTree = "<group>";
		};
/* End PBXGroup section */

/* Begin PBXNativeTarget section */
		BEBA74921CF254F600206117 /* GoldWeather */ = {
			isa = PBXNativeTarget;
			buildConfigurationList = BEBA74A51CF254F600206117 /* Build configuration list for PBXNativeTarget "GoldWeather" */;
			buildPhases = (
				BEBA748F1CF254F600206117 /* Sources */,
				BEBA74901CF254F600206117 /* Frameworks */,
				BEBA74911CF254F600206117 /* Resources */,
			);
			buildRules = (
			);
			dependencies = (
			);
			name = GoldWeather;
			productName = GoldWeather;
			productReference = BEBA74931CF254F600206117 /* GoldWeather.app */;
			productType = "com.apple.product-type.application";
		};
/* End PBXNativeTarget section */

/* Begin PBXProject section */
		BEBA748B1CF254F600206117 /* Project object */ = {
			isa = PBXProject;
			attributes = {
				LastSwiftUpdateCheck = 0730;
				LastUpgradeCheck = 0730;
				ORGANIZATIONNAME = "Henrique Dourado";
				TargetAttributes = {
					BEBA74921CF254F600206117 = {
						CreatedOnToolsVersion = 7.3.1;
					};
				};
			};
			buildConfigurationList = BEBA748E1CF254F600206117 /* Build configuration list for PBXProject "GoldWeather" */;
			compatibilityVersion = "Xcode 3.2";
			developmentRegion = English;
			hasScannedForEncodings = 0;
			knownRegions = (
				en,
				Base,
			);
			mainGroup = BEBA748A1CF254F600206117;
			productRefGroup = BEBA74941CF254F600206117 /* Products */;
			projectDirPath = "";
			projectRoot = "";
			targets = (
				BEBA74921CF254F600206117 /* GoldWeather */,
			);
		};
/* End PBXProject section */

/* Begin PBXResourcesBuildPhase section */
		BEBA74911CF254F600206117 /* Resources */ = {
			isa = PBXResourcesBuildPhase;
			buildActionMask = 2147483647;
			files = (
				BEBA74A11CF254F600206117 /* LaunchScreen.storyboard in Resources */,
				BEBA749E1CF254F600206117 /* Assets.xcassets in Resources */,
				BEBA749C1CF254F600206117 /* Main.storyboard in Resources */,
			);
			runOnlyForDeploymentPostprocessing = 0;
		};
/* End PBXResourcesBuildPhase section */

/* Begin PBXSourcesBuildPhase section */
		BEBA748F1CF254F600206117 /* Sources */ = {
			isa = PBXSourcesBuildPhase;
			buildActionMask = 2147483647;
			files = (
				BEBA74991CF254F600206117 /* ViewController.swift in Sources */,
				BEBA74971CF254F600206117 /* AppDelegate.swift in Sources */,
			);
			runOnlyForDeploymentPostprocessing = 0;
		};
/* End PBXSourcesBuildPhase section */

/* Begin PBXVariantGroup section */
		BEBA749A1CF254F600206117 /* Main.storyboard */ = {
			isa = PBXVariantGroup;
			children = (
				BEBA749B1CF254F600206117 /* Base */,
			);
			name = Main.storyboard;
			sourceTree = "<group>";
		};
		BEBA749F1CF254F600206117 /* LaunchScreen.storyboard */ = {
			isa = PBXVariantGroup;
			children = (
				BEBA74A01CF254F600206117 /* Base */,
			);
			name = LaunchScreen.storyboard;
			sourceTree = "<group>";
		};
/* End PBXVariantGroup section */

/* Begin XCBuildConfiguration section */
		BEBA74A31CF254F600206117 /* Debug */ = {
			isa = XCBuildConfiguration;
			buildSettings = {
				ALWAYS_SEARCH_USER_PATHS = NO;
				CLANG_ANALYZER_NONNULL = YES;
				CLANG_CXX_LANGUAGE_STANDARD = "gnu++0x";
				CLANG_CXX_LIBRARY = "libc++";
				CLANG_ENABLE_MODULES = YES;
				CLANG_ENABLE_OBJC_ARC = YES;
				CLANG_WARN_BOOL_CONVERSION = YES;
				CLANG_WARN_CONSTANT_CONVERSION = YES;
				CLANG_WARN_DIRECT_OBJC_ISA_USAGE = YES_ERROR;
				CLANG_WARN_EMPTY_BODY = YES;
				CLANG_WARN_ENUM_CONVERSION = YES;
				CLANG_WARN_INT_CONVERSION = YES;
				CLANG_WARN_OBJC_ROOT_CLASS = YES_ERROR;
				CLANG_WARN_UNREACHABLE_CODE = YES;
				CLANG_WARN__DUPLICATE_METHOD_MATCH = YES;
				"CODE_SIGN_IDENTITY[sdk=iphoneos*]" = "iPhone Developer";
				COPY_PHASE_STRIP = NO;
				DEBUG_INFORMATION_FORMAT = dwarf;
				ENABLE_STRICT_OBJC_MSGSEND = YES;
				ENABLE_TESTABILITY = YES;
				GCC_C_LANGUAGE_STANDARD = gnu99;
				GCC_DYNAMIC_NO_PIC = NO;
				GCC_NO_COMMON_BLOCKS = YES;
				GCC_OPTIMIZATION_LEVEL = 0;
				GCC_PREPROCESSOR_DEFINITIONS = (
					"DEBUG=1",
					"$(inherited)",
				);
				GCC_WARN_64_TO_32_BIT_CONVERSION = YES;
				GCC_WARN_ABOUT_RETURN_TYPE = YES_ERROR;
				GCC_WARN_UNDECLARED_SELECTOR = YES;
				GCC_WARN_UNINITIALIZED_AUTOS = YES_AGGRESSIVE;
				GCC_WARN_UNUSED_FUNCTION = YES;
				GCC_WARN_UNUSED_VARIABLE = YES;
				IPHONEOS_DEPLOYMENT_TARGET = 9.3;
				MTL_ENABLE_DEBUG_INFO = YES;
				ONLY_ACTIVE_ARCH = YES;
				SDKROOT = iphoneos;
				SWIFT_OPTIMIZATION_LEVEL = "-Onone";
				TARGETED_DEVICE_FAMILY = "1,2";
			};
			name = Debug;
		};
		BEBA74A41CF254F600206117 /* Release */ = {
			isa = XCBuildConfiguration;
			buildSettings = {
				ALWAYS_SEARCH_USER_PATHS = NO;
				CLANG_ANALYZER_NONNULL = YES;
				CLANG_CXX_LANGUAGE_STANDARD = "gnu++0x";
				CLANG_CXX_LIBRARY = "libc++";
				CLANG_ENABLE_MODULES = YES;
				CLANG_ENABLE_OBJC_ARC = YES;
				CLANG_WARN_BOOL_CONVERSION = YES;
				CLANG_WARN_CONSTANT_CONVERSION = YES;
				CLANG_WARN_DIRECT_OBJC_ISA_USAGE = YES_ERROR;
				CLANG_WARN_EMPTY_BODY = YES;
				CLANG_WARN_ENUM_CONVERSION = YES;
				CLANG_WARN_INT_CONVERSION = YES;
				CLANG_WARN_OBJC_ROOT_CLASS = YES_ERROR;
				CLANG_WARN_UNREACHABLE_CODE = YES;
				CLANG_WARN__DUPLICATE_METHOD_MATCH = YES;
				"CODE_SIGN_IDENTITY[sdk=iphoneos*]" = "iPhone Developer";
				COPY_PHASE_STRIP = NO;
				DEBUG_INFORMATION_FORMAT = "dwarf-with-dsym";
				ENABLE_NS_ASSERTIONS = NO;
				ENABLE_STRICT_OBJC_MSGSEND = YES;
				GCC_C_LANGUAGE_STANDARD = gnu99;
				GCC_NO_COMMON_BLOCKS = YES;
				GCC_WARN_64_TO_32_BIT_CONVERSION = YES;
				GCC_WARN_ABOUT_RETURN_TYPE = YES_ERROR;
				GCC_WARN_UNDECLARED_SELECTOR = YES;
				GCC_WARN_UNINITIALIZED_AUTOS = YES_AGGRESSIVE;
				GCC_WARN_UNUSED_FUNCTION = YES;
				GCC_WARN_UNUSED_VARIABLE = YES;
				IPHONEOS_DEPLOYMENT_TARGET = 9.3;
				MTL_ENABLE_DEBUG_INFO = NO;
				SDKROOT = iphoneos;
				TARGETED_DEVICE_FAMILY = "1,2";
				VALIDATE_PRODUCT = YES;
			};
			name = Release;
		};
		BEBA74A61CF254F600206117 /* Debug */ = {
			isa = XCBuildConfiguration;
			buildSettings = {
				ASSETCATALOG_COMPILER_APPICON_NAME = AppIcon;
				INFOPLIST_FILE = GoldWeather/Info.plist;
				LD_RUNPATH_SEARCH_PATHS = "$(inherited) @executable_path/Frameworks";
				PRODUCT_BUNDLE_IDENTIFIER = com.Henrique.GoldWeather;
				PRODUCT_NAME = "$(TARGET_NAME)";
			};
			name = Debug;
		};
		BEBA74A71CF254F600206117 /* Release */ = {
			isa = XCBuildConfiguration;
			buildSettings = {
				ASSETCATALOG_COMPILER_APPICON_NAME = AppIcon;
				INFOPLIST_FILE = GoldWeather/Info.plist;
				LD_RUNPATH_SEARCH_PATHS = "$(inherited) @executable_path/Frameworks";
				PRODUCT_BUNDLE_IDENTIFIER = com.Henrique.GoldWeather;
				PRODUCT_NAME = "$(TARGET_NAME)";
			};
			name = Release;
		};
/* End XCBuildConfiguration section */

/* Begin XCConfigurationList section */
		BEBA748E1CF254F600206117 /* Build configuration list for PBXProject "GoldWeather" */ = {
			isa = XCConfigurationList;
			buildConfigurations = (
				BEBA74A31CF254F600206117 /* Debug */,
				BEBA74A41CF254F600206117 /* Release */,
			);
			defaultConfigurationIsVisible = 0;
			defaultConfigurationName = Release;
		};
		BEBA74A51CF254F600206117 /* Build configuration list for PBXNativeTarget "GoldWeather" */ = {
			isa = XCConfigurationList;
			buildConfigurations = (
				BEBA74A61CF254F600206117 /* Debug */,
				BEBA74A71CF254F600206117 /* Release */,
			);
			defaultConfigurationIsVisible = 0;
		};
/* End XCConfigurationList section */
	};
	rootObject = BEBA748B1CF254F600206117 /* Project object */;
}
