// !$*UTF8*$!
{
	archiveVersion = 1;
	classes = {
	};
	objectVersion = 46;
	objects = {

/* Begin PBXBuildFile section */
		50D6C8F398FDD5AFFFC90617 /* Pods_GoldWeather.framework in Frameworks */ = {isa = PBXBuildFile; fileRef = 87BDE33E367975FAB594C0A5 /* Pods_GoldWeather.framework */; };
		BEBA74971CF254F600206117 /* AppDelegate.swift in Sources */ = {isa = PBXBuildFile; fileRef = BEBA74961CF254F600206117 /* AppDelegate.swift */; };
		BEBA749C1CF254F600206117 /* Main.storyboard in Resources */ = {isa = PBXBuildFile; fileRef = BEBA749A1CF254F600206117 /* Main.storyboard */; };
		BEBA749E1CF254F600206117 /* Assets.xcassets in Resources */ = {isa = PBXBuildFile; fileRef = BEBA749D1CF254F600206117 /* Assets.xcassets */; };
		BEBA74A11CF254F600206117 /* LaunchScreen.storyboard in Resources */ = {isa = PBXBuildFile; fileRef = BEBA749F1CF254F600206117 /* LaunchScreen.storyboard */; };
		BEBA74A91CF2590900206117 /* Constants.swift in Sources */ = {isa = PBXBuildFile; fileRef = BEBA74A81CF2590900206117 /* Constants.swift */; };
		BEBA74B41CF267E600206117 /* ChooseLocationVC.swift in Sources */ = {isa = PBXBuildFile; fileRef = BEBA74B31CF267E600206117 /* ChooseLocationVC.swift */; };
		BEBA74B81CF27D4E00206117 /* Weather.swift in Sources */ = {isa = PBXBuildFile; fileRef = BEBA74B71CF27D4E00206117 /* Weather.swift */; };
/* End PBXBuildFile section */

/* Begin PBXFileReference section */
		18F659B1783B854572689FA9 /* Pods-GoldWeather.debug.xcconfig */ = {isa = PBXFileReference; includeInIndex = 1; lastKnownFileType = text.xcconfig; name = "Pods-GoldWeather.debug.xcconfig"; path = "Pods/Target Support Files/Pods-GoldWeather/Pods-GoldWeather.debug.xcconfig"; sourceTree = "<group>"; };
		3F14635B76C4EB80A01F4CD2 /* Pods-GoldWeather.release.xcconfig */ = {isa = PBXFileReference; includeInIndex = 1; lastKnownFileType = text.xcconfig; name = "Pods-GoldWeather.release.xcconfig"; path = "Pods/Target Support Files/Pods-GoldWeather/Pods-GoldWeather.release.xcconfig"; sourceTree = "<group>"; };
		87BDE33E367975FAB594C0A5 /* Pods_GoldWeather.framework */ = {isa = PBXFileReference; explicitFileType = wrapper.framework; includeInIndex = 0; path = Pods_GoldWeather.framework; sourceTree = BUILT_PRODUCTS_DIR; };
		BEBA74931CF254F600206117 /* GoldWeather.app */ = {isa = PBXFileReference; explicitFileType = wrapper.application; includeInIndex = 0; path = GoldWeather.app; sourceTree = BUILT_PRODUCTS_DIR; };
		BEBA74961CF254F600206117 /* AppDelegate.swift */ = {isa = PBXFileReference; lastKnownFileType = sourcecode.swift; path = AppDelegate.swift; sourceTree = "<group>"; };
		BEBA749B1CF254F600206117 /* Base */ = {isa = PBXFileReference; lastKnownFileType = file.storyboard; name = Base; path = Base.lproj/Main.storyboard; sourceTree = "<group>"; };
		BEBA749D1CF254F600206117 /* Assets.xcassets */ = {isa = PBXFileReference; lastKnownFileType = folder.assetcatalog; path = Assets.xcassets; sourceTree = "<group>"; };
		BEBA74A01CF254F600206117 /* Base */ = {isa = PBXFileReference; lastKnownFileType = file.storyboard; name = Base; path = Base.lproj/LaunchScreen.storyboard; sourceTree = "<group>"; };
		BEBA74A21CF254F600206117 /* Info.plist */ = {isa = PBXFileReference; lastKnownFileType = text.plist.xml; path = Info.plist; sourceTree = "<group>"; };
		BEBA74A81CF2590900206117 /* Constants.swift */ = {isa = PBXFileReference; fileEncoding = 4; lastKnownFileType = sourcecode.swift; path = Constants.swift; sourceTree = "<group>"; };
		BEBA74B31CF267E600206117 /* ChooseLocationVC.swift */ = {isa = PBXFileReference; fileEncoding = 4; lastKnownFileType = sourcecode.swift; path = ChooseLocationVC.swift; sourceTree = "<group>"; };
		BEBA74B71CF27D4E00206117 /* Weather.swift */ = {isa = PBXFileReference; fileEncoding = 4; lastKnownFileType = sourcecode.swift; path = Weather.swift; sourceTree = "<group>"; };
/* End PBXFileReference section */

/* Begin PBXFrameworksBuildPhase section */
		BEBA74901CF254F600206117 /* Frameworks */ = {
			isa = PBXFrameworksBuildPhase;
			buildActionMask = 2147483647;
			files = (
				50D6C8F398FDD5AFFFC90617 /* Pods_GoldWeather.framework in Frameworks */,
			);
			runOnlyForDeploymentPostprocessing = 0;
		};
/* End PBXFrameworksBuildPhase section */

/* Begin PBXGroup section */
		64004A77560D2A4B974F658D /* Frameworks */ = {
			isa = PBXGroup;
			children = (
				87BDE33E367975FAB594C0A5 /* Pods_GoldWeather.framework */,
			);
			name = Frameworks;
			sourceTree = "<group>";
		};
		8EA4126AD72455F7E0A22FA2 /* Pods */ = {
			isa = PBXGroup;
			children = (
				18F659B1783B854572689FA9 /* Pods-GoldWeather.debug.xcconfig */,
				3F14635B76C4EB80A01F4CD2 /* Pods-GoldWeather.release.xcconfig */,
			);
			name = Pods;
			sourceTree = "<group>";
		};
		BEBA748A1CF254F600206117 = {
			isa = PBXGroup;
			children = (
				BEBA74951CF254F600206117 /* GoldWeather */,
				BEBA74941CF254F600206117 /* Products */,
				8EA4126AD72455F7E0A22FA2 /* Pods */,
				64004A77560D2A4B974F658D /* Frameworks */,
			);
			sourceTree = "<group>";
		};
		BEBA74941CF254F600206117 /* Products */ = {
			isa = PBXGroup;
			children = (
				BEBA74931CF254F600206117 /* GoldWeather.app */,
			);
			name = Products;
			sourceTree = "<group>";
		};
		BEBA74951CF254F600206117 /* GoldWeather */ = {
			isa = PBXGroup;
			children = (
				BEBA74B01CF2660200206117 /* Util */,
				BEBA74AF1CF265FD00206117 /* Resources */,
				BEBA74AE1CF265F800206117 /* Services */,
				BEBA74AA1CF265DC00206117 /* Model */,
				BEBA74AB1CF265E200206117 /* View */,
				BEBA74AC1CF265E600206117 /* Controller */,
				BEBA74961CF254F600206117 /* AppDelegate.swift */,
				BEBA74A21CF254F600206117 /* Info.plist */,
			);
			path = GoldWeather;
			sourceTree = "<group>";
		};
		BEBA74AA1CF265DC00206117 /* Model */ = {
			isa = PBXGroup;
			children = (
				BEBA74B71CF27D4E00206117 /* Weather.swift */,
			);
			name = Model;
			sourceTree = "<group>";
		};
		BEBA74AB1CF265E200206117 /* View */ = {
			isa = PBXGroup;
			children = (
				BEBA749A1CF254F600206117 /* Main.storyboard */,
				BEBA749F1CF254F600206117 /* LaunchScreen.storyboard */,
			);
			name = View;
			sourceTree = "<group>";
		};
		BEBA74AC1CF265E600206117 /* Controller */ = {
			isa = PBXGroup;
			children = (
				BEBA74B31CF267E600206117 /* ChooseLocationVC.swift */,
			);
			name = Controller;
			sourceTree = "<group>";
		};
		BEBA74AE1CF265F800206117 /* Services */ = {
			isa = PBXGroup;
			children = (
			);
			name = Services;
			sourceTree = "<group>";
		};
		BEBA74AF1CF265FD00206117 /* Resources */ = {
			isa = PBXGroup;
			children = (
				BEBA749D1CF254F600206117 /* Assets.xcassets */,
			);
			name = Resources;
			sourceTree = "<group>";
		};
		BEBA74B01CF2660200206117 /* Util */ = {
			isa = PBXGroup;
			children = (
				BEBA74A81CF2590900206117 /* Constants.swift */,
			);
			name = Util;
			sourceTree = "<group>";
		};
/* End PBXGroup section */

/* Begin PBXNativeTarget section */
		BEBA74921CF254F600206117 /* GoldWeather */ = {
			isa = PBXNativeTarget;
			buildConfigurationList = BEBA74A51CF254F600206117 /* Build configuration list for PBXNativeTarget "GoldWeather" */;
			buildPhases = (
				1B7471B1F1A89B929C732CF6 /* Check Pods Manifest.lock */,
				BEBA748F1CF254F600206117 /* Sources */,
				BEBA74901CF254F600206117 /* Frameworks */,
				BEBA74911CF254F600206117 /* Resources */,
				4819B2853AA19511357547BB /* Embed Pods Frameworks */,
				FD45622393FD02A7CEE24814 /* Copy Pods Resources */,
			);
			buildRules = (
			);
			dependencies = (
			);
			name = GoldWeather;
			productName = GoldWeather;
			productReference = BEBA74931CF254F600206117 /* GoldWeather.app */;
			productType = "com.apple.product-type.application";
		};
/* End PBXNativeTarget section */

/* Begin PBXProject section */
		BEBA748B1CF254F600206117 /* Project object */ = {
			isa = PBXProject;
			attributes = {
				LastSwiftUpdateCheck = 0730;
				LastUpgradeCheck = 0730;
				ORGANIZATIONNAME = "Henrique Dourado";
				TargetAttributes = {
					BEBA74921CF254F600206117 = {
						CreatedOnToolsVersion = 7.3.1;
						DevelopmentTeam = 5CD98SFE9J;
					};
				};
			};
			buildConfigurationList = BEBA748E1CF254F600206117 /* Build configuration list for PBXProject "GoldWeather" */;
			compatibilityVersion = "Xcode 3.2";
			developmentRegion = English;
			hasScannedForEncodings = 0;
			knownRegions = (
				en,
				Base,
			);
			mainGroup = BEBA748A1CF254F600206117;
			productRefGroup = BEBA74941CF254F600206117 /* Products */;
			projectDirPath = "";
			projectRoot = "";
			targets = (
				BEBA74921CF254F600206117 /* GoldWeather */,
			);
		};
/* End PBXProject section */

/* Begin PBXResourcesBuildPhase section */
		BEBA74911CF254F600206117 /* Resources */ = {
			isa = PBXResourcesBuildPhase;
			buildActionMask = 2147483647;
			files = (
				BEBA74A11CF254F600206117 /* LaunchScreen.storyboard in Resources */,
				BEBA749E1CF254F600206117 /* Assets.xcassets in Resources */,
				BEBA749C1CF254F600206117 /* Main.storyboard in Resources */,
			);
			runOnlyForDeploymentPostprocessing = 0;
		};
/* End PBXResourcesBuildPhase section */

/* Begin PBXShellScriptBuildPhase section */
		1B7471B1F1A89B929C732CF6 /* Check Pods Manifest.lock */ = {
			isa = PBXShellScriptBuildPhase;
			buildActionMask = 2147483647;
			files = (
			);
			inputPaths = (
			);
			name = "Check Pods Manifest.lock";
			outputPaths = (
			);
			runOnlyForDeploymentPostprocessing = 0;
			shellPath = /bin/sh;
			shellScript = "diff \"${PODS_ROOT}/../Podfile.lock\" \"${PODS_ROOT}/Manifest.lock\" > /dev/null\nif [[ $? != 0 ]] ; then\n    cat << EOM\nerror: The sandbox is not in sync with the Podfile.lock. Run 'pod install' or update your CocoaPods installation.\nEOM\n    exit 1\nfi\n";
			showEnvVarsInLog = 0;
		};
		4819B2853AA19511357547BB /* Embed Pods Frameworks */ = {
			isa = PBXShellScriptBuildPhase;
			buildActionMask = 2147483647;
			files = (
			);
			inputPaths = (
			);
			name = "Embed Pods Frameworks";
			outputPaths = (
			);
			runOnlyForDeploymentPostprocessing = 0;
			shellPath = /bin/sh;
			shellScript = "\"${SRCROOT}/Pods/Target Support Files/Pods-GoldWeather/Pods-GoldWeather-frameworks.sh\"\n";
			showEnvVarsInLog = 0;
		};
		FD45622393FD02A7CEE24814 /* Copy Pods Resources */ = {
			isa = PBXShellScriptBuildPhase;
			buildActionMask = 2147483647;
			files = (
			);
			inputPaths = (
			);
			name = "Copy Pods Resources";
			outputPaths = (
			);
			runOnlyForDeploymentPostprocessing = 0;
			shellPath = /bin/sh;
			shellScript = "\"${SRCROOT}/Pods/Target Support Files/Pods-GoldWeather/Pods-GoldWeather-resources.sh\"\n";
			showEnvVarsInLog = 0;
		};
/* End PBXShellScriptBuildPhase section */

/* Begin PBXSourcesBuildPhase section */
		BEBA748F1CF254F600206117 /* Sources */ = {
			isa = PBXSourcesBuildPhase;
			buildActionMask = 2147483647;
			files = (
				BEBA74B41CF267E600206117 /* ChooseLocationVC.swift in Sources */,
				BEBA74971CF254F600206117 /* AppDelegate.swift in Sources */,
				BEBA74A91CF2590900206117 /* Constants.swift in Sources */,
				BEBA74B81CF27D4E00206117 /* Weather.swift in Sources */,
			);
			runOnlyForDeploymentPostprocessing = 0;
		};
/* End PBXSourcesBuildPhase section */

/* Begin PBXVariantGroup section */
		BEBA749A1CF254F600206117 /* Main.storyboard */ = {
			isa = PBXVariantGroup;
			children = (
				BEBA749B1CF254F600206117 /* Base */,
			);
			name = Main.storyboard;
			sourceTree = "<group>";
		};
		BEBA749F1CF254F600206117 /* LaunchScreen.storyboard */ = {
			isa = PBXVariantGroup;
			children = (
				BEBA74A01CF254F600206117 /* Base */,
			);
			name = LaunchScreen.storyboard;
			sourceTree = "<group>";
		};
/* End PBXVariantGroup section */

/* Begin XCBuildConfiguration section */
		BEBA74A31CF254F600206117 /* Debug */ = {
			isa = XCBuildConfiguration;
			buildSettings = {
				ALWAYS_SEARCH_USER_PATHS = NO;
				CLANG_ANALYZER_NONNULL = YES;
				CLANG_CXX_LANGUAGE_STANDARD = "gnu++0x";
				CLANG_CXX_LIBRARY = "libc++";
				CLANG_ENABLE_MODULES = YES;
				CLANG_ENABLE_OBJC_ARC = YES;
				CLANG_WARN_BOOL_CONVERSION = YES;
				CLANG_WARN_CONSTANT_CONVERSION = YES;
				CLANG_WARN_DIRECT_OBJC_ISA_USAGE = YES_ERROR;
				CLANG_WARN_EMPTY_BODY = YES;
				CLANG_WARN_ENUM_CONVERSION = YES;
				CLANG_WARN_INT_CONVERSION = YES;
				CLANG_WARN_OBJC_ROOT_CLASS = YES_ERROR;
				CLANG_WARN_UNREACHABLE_CODE = YES;
				CLANG_WARN__DUPLICATE_METHOD_MATCH = YES;
				"CODE_SIGN_IDENTITY[sdk=iphoneos*]" = "iPhone Developer";
				COPY_PHASE_STRIP = NO;
				DEBUG_INFORMATION_FORMAT = dwarf;
				ENABLE_STRICT_OBJC_MSGSEND = YES;
				ENABLE_TESTABILITY = YES;
				GCC_C_LANGUAGE_STANDARD = gnu99;
				GCC_DYNAMIC_NO_PIC = NO;
				GCC_NO_COMMON_BLOCKS = YES;
				GCC_OPTIMIZATION_LEVEL = 0;
				GCC_PREPROCESSOR_DEFINITIONS = (
					"DEBUG=1",
					"$(inherited)",
				);
				GCC_WARN_64_TO_32_BIT_CONVERSION = YES;
				GCC_WARN_ABOUT_RETURN_TYPE = YES_ERROR;
				GCC_WARN_UNDECLARED_SELECTOR = YES;
				GCC_WARN_UNINITIALIZED_AUTOS = YES_AGGRESSIVE;
				GCC_WARN_UNUSED_FUNCTION = YES;
				GCC_WARN_UNUSED_VARIABLE = YES;
				IPHONEOS_DEPLOYMENT_TARGET = 9.3;
				MTL_ENABLE_DEBUG_INFO = YES;
				ONLY_ACTIVE_ARCH = YES;
				SDKROOT = iphoneos;
				SWIFT_OPTIMIZATION_LEVEL = "-Onone";
				TARGETED_DEVICE_FAMILY = "1,2";
			};
			name = Debug;
		};
		BEBA74A41CF254F600206117 /* Release */ = {
			isa = XCBuildConfiguration;
			buildSettings = {
				ALWAYS_SEARCH_USER_PATHS = NO;
				CLANG_ANALYZER_NONNULL = YES;
				CLANG_CXX_LANGUAGE_STANDARD = "gnu++0x";
				CLANG_CXX_LIBRARY = "libc++";
				CLANG_ENABLE_MODULES = YES;
				CLANG_ENABLE_OBJC_ARC = YES;
				CLANG_WARN_BOOL_CONVERSION = YES;
				CLANG_WARN_CONSTANT_CONVERSION = YES;
				CLANG_WARN_DIRECT_OBJC_ISA_USAGE = YES_ERROR;
				CLANG_WARN_EMPTY_BODY = YES;
				CLANG_WARN_ENUM_CONVERSION = YES;
				CLANG_WARN_INT_CONVERSION = YES;
				CLANG_WARN_OBJC_ROOT_CLASS = YES_ERROR;
				CLANG_WARN_UNREACHABLE_CODE = YES;
				CLANG_WARN__DUPLICATE_METHOD_MATCH = YES;
				"CODE_SIGN_IDENTITY[sdk=iphoneos*]" = "iPhone Developer";
				COPY_PHASE_STRIP = NO;
				DEBUG_INFORMATION_FORMAT = "dwarf-with-dsym";
				ENABLE_NS_ASSERTIONS = NO;
				ENABLE_STRICT_OBJC_MSGSEND = YES;
				GCC_C_LANGUAGE_STANDARD = gnu99;
				GCC_NO_COMMON_BLOCKS = YES;
				GCC_WARN_64_TO_32_BIT_CONVERSION = YES;
				GCC_WARN_ABOUT_RETURN_TYPE = YES_ERROR;
				GCC_WARN_UNDECLARED_SELECTOR = YES;
				GCC_WARN_UNINITIALIZED_AUTOS = YES_AGGRESSIVE;
				GCC_WARN_UNUSED_FUNCTION = YES;
				GCC_WARN_UNUSED_VARIABLE = YES;
				IPHONEOS_DEPLOYMENT_TARGET = 9.3;
				MTL_ENABLE_DEBUG_INFO = NO;
				SDKROOT = iphoneos;
				TARGETED_DEVICE_FAMILY = "1,2";
				VALIDATE_PRODUCT = YES;
			};
			name = Release;
		};
		BEBA74A61CF254F600206117 /* Debug */ = {
			isa = XCBuildConfiguration;
			baseConfigurationReference = 18F659B1783B854572689FA9 /* Pods-GoldWeather.debug.xcconfig */;
			buildSettings = {
				ASSETCATALOG_COMPILER_APPICON_NAME = AppIcon;
				CODE_SIGN_IDENTITY = "iPhone Developer";
				INFOPLIST_FILE = GoldWeather/Info.plist;
				IPHONEOS_DEPLOYMENT_TARGET = 9.3;
				LD_RUNPATH_SEARCH_PATHS = "$(inherited) @executable_path/Frameworks";
				PRODUCT_BUNDLE_IDENTIFIER = com.Henrique.GoldWeather;
				PRODUCT_NAME = "$(TARGET_NAME)";
			};
			name = Debug;
		};
		BEBA74A71CF254F600206117 /* Release */ = {
			isa = XCBuildConfiguration;
			baseConfigurationReference = 3F14635B76C4EB80A01F4CD2 /* Pods-GoldWeather.release.xcconfig */;
			buildSettings = {
				ASSETCATALOG_COMPILER_APPICON_NAME = AppIcon;
				CODE_SIGN_IDENTITY = "iPhone Developer";
				INFOPLIST_FILE = GoldWeather/Info.plist;
				IPHONEOS_DEPLOYMENT_TARGET = 9.3;
				LD_RUNPATH_SEARCH_PATHS = "$(inherited) @executable_path/Frameworks";
				PRODUCT_BUNDLE_IDENTIFIER = com.Henrique.GoldWeather;
				PRODUCT_NAME = "$(TARGET_NAME)";
			};
			name = Release;
		};
/* End XCBuildConfiguration section */

/* Begin XCConfigurationList section */
		BEBA748E1CF254F600206117 /* Build configuration list for PBXProject "GoldWeather" */ = {
			isa = XCConfigurationList;
			buildConfigurations = (
				BEBA74A31CF254F600206117 /* Debug */,
				BEBA74A41CF254F600206117 /* Release */,
			);
			defaultConfigurationIsVisible = 0;
			defaultConfigurationName = Release;
		};
		BEBA74A51CF254F600206117 /* Build configuration list for PBXNativeTarget "GoldWeather" */ = {
			isa = XCConfigurationList;
			buildConfigurations = (
				BEBA74A61CF254F600206117 /* Debug */,
				BEBA74A71CF254F600206117 /* Release */,
			);
			defaultConfigurationIsVisible = 0;
			defaultConfigurationName = Release;
		};
/* End XCConfigurationList section */
	};
	rootObject = BEBA748B1CF254F600206117 /* Project object */;
}
